Microsoft Visual Studio Solution File, Format Version 12.00
# Visual Studio Version 17
VisualStudioVersion = 17.5.2.0
MinimumVisualStudioVersion = 10.0.40219.1
Project("{FAE04EC0-301F-11D3-BF4B-00C04F79EFBC}") = "Simpel-api", "Simpel-api.csproj", "{52B775AA-1EDC-B849-0E8D-2ED5781B5117}"
EndProject
Global
	GlobalSection(SolutionConfigurationPlatforms) = preSolution
		Debug|Any CPU = Debug|Any CPU
		Release|Any CPU = Release|Any CPU
	EndGlobalSection
	GlobalSection(ProjectConfigurationPlatforms) = postSolution
		{52B775AA-1EDC-B849-0E8D-2ED5781B5117}.Debug|Any CPU.ActiveCfg = Debug|Any CPU
		{52B775AA-1EDC-B849-0E8D-2ED5781B5117}.Debug|Any CPU.Build.0 = Debug|Any CPU
		{52B775AA-1EDC-B849-0E8D-2ED5781B5117}.Release|Any CPU.ActiveCfg = Release|Any CPU
		{52B775AA-1EDC-B849-0E8D-2ED5781B5117}.Release|Any CPU.Build.0 = Release|Any CPU
	EndGlobalSection
	GlobalSection(SolutionProperties) = preSolution
		HideSolutionNode = FALSE
	EndGlobalSection
	GlobalSection(ExtensibilityGlobals) = postSolution
		SolutionGuid = {E1D50FE0-57EA-4A83-B59E-64D89F10DBAF}
	EndGlobalSection
EndGlobal
